
Microsoft Visual Studio Solution File, Format Version 12.00
# Visual Studio Version 17
VisualStudioVersion = 17.12.35527.113
MinimumVisualStudioVersion = 10.0.40219.1
Project("{FAE04EC0-301F-11D3-BF4B-00C04F79EFBC}") = "Exercicio1", "Exercicio1\Exercicio1.csproj", "{C299F9D4-E241-4DBC-88BB-2F6C409D74D5}"
EndProject
Project("{FAE04EC0-301F-11D3-BF4B-00C04F79EFBC}") = "Exercicio2", "Exercicio2\Exercicio2.csproj", "{4DA5848F-5FA9-412E-830E-DA415AAA874B}"
EndProject
Project("{FAE04EC0-301F-11D3-BF4B-00C04F79EFBC}") = "Exercicio3", "Exercicio3\Exercicio3.csproj", "{32DBE37A-82C7-4140-8593-1A88ECA3A1E0}"
EndProject
Global
	GlobalSection(SolutionConfigurationPlatforms) = preSolution
		Debug|Any CPU = Debug|Any CPU
		Release|Any CPU = Release|Any CPU
	EndGlobalSection
	GlobalSection(ProjectConfigurationPlatforms) = postSolution
		{C299F9D4-E241-4DBC-88BB-2F6C409D74D5}.Debug|Any CPU.ActiveCfg = Debug|Any CPU
		{C299F9D4-E241-4DBC-88BB-2F6C409D74D5}.Debug|Any CPU.Build.0 = Debug|Any CPU
		{C299F9D4-E241-4DBC-88BB-2F6C409D74D5}.Release|Any CPU.ActiveCfg = Release|Any CPU
		{C299F9D4-E241-4DBC-88BB-2F6C409D74D5}.Release|Any CPU.Build.0 = Release|Any CPU
		{4DA5848F-5FA9-412E-830E-DA415AAA874B}.Debug|Any CPU.ActiveCfg = Debug|Any CPU
		{4DA5848F-5FA9-412E-830E-DA415AAA874B}.Debug|Any CPU.Build.0 = Debug|Any CPU
		{4DA5848F-5FA9-412E-830E-DA415AAA874B}.Release|Any CPU.ActiveCfg = Release|Any CPU
		{4DA5848F-5FA9-412E-830E-DA415AAA874B}.Release|Any CPU.Build.0 = Release|Any CPU
		{32DBE37A-82C7-4140-8593-1A88ECA3A1E0}.Debug|Any CPU.ActiveCfg = Debug|Any CPU
		{32DBE37A-82C7-4140-8593-1A88ECA3A1E0}.Debug|Any CPU.Build.0 = Debug|Any CPU
		{32DBE37A-82C7-4140-8593-1A88ECA3A1E0}.Release|Any CPU.ActiveCfg = Release|Any CPU
		{32DBE37A-82C7-4140-8593-1A88ECA3A1E0}.Release|Any CPU.Build.0 = Release|Any CPU
	EndGlobalSection
	GlobalSection(SolutionProperties) = preSolution
		HideSolutionNode = FALSE
	EndGlobalSection
EndGlobal
